// !$*UTF8*$!
{
	archiveVersion = 1;
	classes = {
	};
	objectVersion = 56;
	objects = {

/* Begin PBXBuildFile section */
		1B15FC142C6DF4FD00189259 /* EventCountdownApp.swift in Sources */ = {isa = PBXBuildFile; fileRef = 1B15FC132C6DF4FD00189259 /* EventCountdownApp.swift */; };
		1B15FC162C6DF4FD00189259 /* ContentView.swift in Sources */ = {isa = PBXBuildFile; fileRef = 1B15FC152C6DF4FD00189259 /* ContentView.swift */; };
		1B15FC182C6DF4FE00189259 /* Assets.xcassets in Resources */ = {isa = PBXBuildFile; fileRef = 1B15FC172C6DF4FE00189259 /* Assets.xcassets */; };
		1B15FC1B2C6DF4FE00189259 /* Preview Assets.xcassets in Resources */ = {isa = PBXBuildFile; fileRef = 1B15FC1A2C6DF4FE00189259 /* Preview Assets.xcassets */; };
		1B15FC252C6DF4FE00189259 /* EventCountdownTests.swift in Sources */ = {isa = PBXBuildFile; fileRef = 1B15FC242C6DF4FE00189259 /* EventCountdownTests.swift */; };
		1B15FC2F2C6DF4FE00189259 /* EventCountdownUITests.swift in Sources */ = {isa = PBXBuildFile; fileRef = 1B15FC2E2C6DF4FE00189259 /* EventCountdownUITests.swift */; };
		1B15FC312C6DF4FE00189259 /* EventCountdownUITestsLaunchTests.swift in Sources */ = {isa = PBXBuildFile; fileRef = 1B15FC302C6DF4FE00189259 /* EventCountdownUITestsLaunchTests.swift */; };
		1B1BEC8B2C6F79A100C83485 /* eventEditorView.swift in Sources */ = {isa = PBXBuildFile; fileRef = 1B1BEC8A2C6F79A100C83485 /* eventEditorView.swift */; };
		1B1BEC8E2C6F7A9100C83485 /* event.swift in Sources */ = {isa = PBXBuildFile; fileRef = 1B1BEC8D2C6F7A9100C83485 /* event.swift */; };
		1B1BEC902C6F9C1700C83485 /* Cache.swift in Sources */ = {isa = PBXBuildFile; fileRef = 1B1BEC8F2C6F9C1700C83485 /* Cache.swift */; };
/* End PBXBuildFile section */

/* Begin PBXContainerItemProxy section */
		1B15FC212C6DF4FE00189259 /* PBXContainerItemProxy */ = {
			isa = PBXContainerItemProxy;
			containerPortal = 1B15FC082C6DF4FD00189259 /* Project object */;
			proxyType = 1;
			remoteGlobalIDString = 1B15FC0F2C6DF4FD00189259;
			remoteInfo = EventCountdown;
		};
		1B15FC2B2C6DF4FE00189259 /* PBXContainerItemProxy */ = {
			isa = PBXContainerItemProxy;
			containerPortal = 1B15FC082C6DF4FD00189259 /* Project object */;
			proxyType = 1;
			remoteGlobalIDString = 1B15FC0F2C6DF4FD00189259;
			remoteInfo = EventCountdown;
		};
/* End PBXContainerItemProxy section */

/* Begin PBXFileReference section */
		1B15FC102C6DF4FD00189259 /* EventCountdown.app */ = {isa = PBXFileReference; explicitFileType = wrapper.application; includeInIndex = 0; path = EventCountdown.app; sourceTree = BUILT_PRODUCTS_DIR; };
		1B15FC132C6DF4FD00189259 /* EventCountdownApp.swift */ = {isa = PBXFileReference; lastKnownFileType = sourcecode.swift; path = EventCountdownApp.swift; sourceTree = "<group>"; };
		1B15FC152C6DF4FD00189259 /* ContentView.swift */ = {isa = PBXFileReference; lastKnownFileType = sourcecode.swift; path = ContentView.swift; sourceTree = "<group>"; };
		1B15FC172C6DF4FE00189259 /* Assets.xcassets */ = {isa = PBXFileReference; lastKnownFileType = folder.assetcatalog; path = Assets.xcassets; sourceTree = "<group>"; };
		1B15FC1A2C6DF4FE00189259 /* Preview Assets.xcassets */ = {isa = PBXFileReference; lastKnownFileType = folder.assetcatalog; path = "Preview Assets.xcassets"; sourceTree = "<group>"; };
		1B15FC202C6DF4FE00189259 /* EventCountdownTests.xctest */ = {isa = PBXFileReference; explicitFileType = wrapper.cfbundle; includeInIndex = 0; path = EventCountdownTests.xctest; sourceTree = BUILT_PRODUCTS_DIR; };
		1B15FC242C6DF4FE00189259 /* EventCountdownTests.swift */ = {isa = PBXFileReference; lastKnownFileType = sourcecode.swift; path = EventCountdownTests.swift; sourceTree = "<group>"; };
		1B15FC2A2C6DF4FE00189259 /* EventCountdownUITests.xctest */ = {isa = PBXFileReference; explicitFileType = wrapper.cfbundle; includeInIndex = 0; path = EventCountdownUITests.xctest; sourceTree = BUILT_PRODUCTS_DIR; };
		1B15FC2E2C6DF4FE00189259 /* EventCountdownUITests.swift */ = {isa = PBXFileReference; lastKnownFileType = sourcecode.swift; path = EventCountdownUITests.swift; sourceTree = "<group>"; };
		1B15FC302C6DF4FE00189259 /* EventCountdownUITestsLaunchTests.swift */ = {isa = PBXFileReference; lastKnownFileType = sourcecode.swift; path = EventCountdownUITestsLaunchTests.swift; sourceTree = "<group>"; };
		1B1BEC8A2C6F79A100C83485 /* eventEditorView.swift */ = {isa = PBXFileReference; lastKnownFileType = sourcecode.swift; path = eventEditorView.swift; sourceTree = "<group>"; };
		1B1BEC8D2C6F7A9100C83485 /* event.swift */ = {isa = PBXFileReference; lastKnownFileType = sourcecode.swift; path = event.swift; sourceTree = "<group>"; };
		1B1BEC8F2C6F9C1700C83485 /* Cache.swift */ = {isa = PBXFileReference; lastKnownFileType = sourcecode.swift; path = Cache.swift; sourceTree = "<group>"; };
/* End PBXFileReference section */

/* Begin PBXFrameworksBuildPhase section */
		1B15FC0D2C6DF4FD00189259 /* Frameworks */ = {
			isa = PBXFrameworksBuildPhase;
			buildActionMask = 2147483647;
			files = (
			);
			runOnlyForDeploymentPostprocessing = 0;
		};
		1B15FC1D2C6DF4FE00189259 /* Frameworks */ = {
			isa = PBXFrameworksBuildPhase;
			buildActionMask = 2147483647;
			files = (
			);
			runOnlyForDeploymentPostprocessing = 0;
		};
		1B15FC272C6DF4FE00189259 /* Frameworks */ = {
			isa = PBXFrameworksBuildPhase;
			buildActionMask = 2147483647;
			files = (
			);
			runOnlyForDeploymentPostprocessing = 0;
		};
/* End PBXFrameworksBuildPhase section */

/* Begin PBXGroup section */
		1B15FC072C6DF4FD00189259 = {
			isa = PBXGroup;
			children = (
				1B15FC122C6DF4FD00189259 /* EventCountdown */,
				1B15FC232C6DF4FE00189259 /* EventCountdownTests */,
				1B15FC2D2C6DF4FE00189259 /* EventCountdownUITests */,
				1B15FC112C6DF4FD00189259 /* Products */,
			);
			sourceTree = "<group>";
		};
		1B15FC112C6DF4FD00189259 /* Products */ = {
			isa = PBXGroup;
			children = (
				1B15FC102C6DF4FD00189259 /* EventCountdown.app */,
				1B15FC202C6DF4FE00189259 /* EventCountdownTests.xctest */,
				1B15FC2A2C6DF4FE00189259 /* EventCountdownUITests.xctest */,
			);
			name = Products;
			sourceTree = "<group>";
		};
		1B15FC122C6DF4FD00189259 /* EventCountdown */ = {
			isa = PBXGroup;
			children = (
				1B15FC132C6DF4FD00189259 /* EventCountdownApp.swift */,
				1B1BEC8C2C6F7A8000C83485 /* model */,
				1B15FC152C6DF4FD00189259 /* ContentView.swift */,
				1B15FC412C6E390D00189259 /* views */,
				1B15FC172C6DF4FE00189259 /* Assets.xcassets */,
				1B15FC192C6DF4FE00189259 /* Preview Content */,
			);
			path = EventCountdown;
			sourceTree = "<group>";
		};
		1B15FC192C6DF4FE00189259 /* Preview Content */ = {
			isa = PBXGroup;
			children = (
				1B15FC1A2C6DF4FE00189259 /* Preview Assets.xcassets */,
			);
			path = "Preview Content";
			sourceTree = "<group>";
		};
		1B15FC232C6DF4FE00189259 /* EventCountdownTests */ = {
			isa = PBXGroup;
			children = (
				1B15FC242C6DF4FE00189259 /* EventCountdownTests.swift */,
			);
			path = EventCountdownTests;
			sourceTree = "<group>";
		};
		1B15FC2D2C6DF4FE00189259 /* EventCountdownUITests */ = {
			isa = PBXGroup;
			children = (
				1B15FC2E2C6DF4FE00189259 /* EventCountdownUITests.swift */,
				1B15FC302C6DF4FE00189259 /* EventCountdownUITestsLaunchTests.swift */,
			);
			path = EventCountdownUITests;
			sourceTree = "<group>";
		};
		1B15FC412C6E390D00189259 /* views */ = {
			isa = PBXGroup;
			children = (
				1B1BEC8A2C6F79A100C83485 /* eventEditorView.swift */,
			);
			path = views;
			sourceTree = "<group>";
		};
		1B1BEC8C2C6F7A8000C83485 /* model */ = {
			isa = PBXGroup;
			children = (
				1B1BEC8D2C6F7A9100C83485 /* event.swift */,
				1B1BEC8F2C6F9C1700C83485 /* Cache.swift */,
			);
			path = model;
			sourceTree = "<group>";
		};
/* End PBXGroup section */

/* Begin PBXNativeTarget section */
		1B15FC0F2C6DF4FD00189259 /* EventCountdown */ = {
			isa = PBXNativeTarget;
			buildConfigurationList = 1B15FC342C6DF4FE00189259 /* Build configuration list for PBXNativeTarget "EventCountdown" */;
			buildPhases = (
				1B15FC0C2C6DF4FD00189259 /* Sources */,
				1B15FC0D2C6DF4FD00189259 /* Frameworks */,
				1B15FC0E2C6DF4FD00189259 /* Resources */,
			);
			buildRules = (
			);
			dependencies = (
			);
			name = EventCountdown;
			productName = EventCountdown;
			productReference = 1B15FC102C6DF4FD00189259 /* EventCountdown.app */;
			productType = "com.apple.product-type.application";
		};
		1B15FC1F2C6DF4FE00189259 /* EventCountdownTests */ = {
			isa = PBXNativeTarget;
			buildConfigurationList = 1B15FC372C6DF4FE00189259 /* Build configuration list for PBXNativeTarget "EventCountdownTests" */;
			buildPhases = (
				1B15FC1C2C6DF4FE00189259 /* Sources */,
				1B15FC1D2C6DF4FE00189259 /* Frameworks */,
				1B15FC1E2C6DF4FE00189259 /* Resources */,
			);
			buildRules = (
			);
			dependencies = (
				1B15FC222C6DF4FE00189259 /* PBXTargetDependency */,
			);
			name = EventCountdownTests;
			productName = EventCountdownTests;
			productReference = 1B15FC202C6DF4FE00189259 /* EventCountdownTests.xctest */;
			productType = "com.apple.product-type.bundle.unit-test";
		};
		1B15FC292C6DF4FE00189259 /* EventCountdownUITests */ = {
			isa = PBXNativeTarget;
			buildConfigurationList = 1B15FC3A2C6DF4FE00189259 /* Build configuration list for PBXNativeTarget "EventCountdownUITests" */;
			buildPhases = (
				1B15FC262C6DF4FE00189259 /* Sources */,
				1B15FC272C6DF4FE00189259 /* Frameworks */,
				1B15FC282C6DF4FE00189259 /* Resources */,
			);
			buildRules = (
			);
			dependencies = (
				1B15FC2C2C6DF4FE00189259 /* PBXTargetDependency */,
			);
			name = EventCountdownUITests;
			productName = EventCountdownUITests;
			productReference = 1B15FC2A2C6DF4FE00189259 /* EventCountdownUITests.xctest */;
			productType = "com.apple.product-type.bundle.ui-testing";
		};
/* End PBXNativeTarget section */

/* Begin PBXProject section */
		1B15FC082C6DF4FD00189259 /* Project object */ = {
			isa = PBXProject;
			attributes = {
				BuildIndependentTargetsInParallel = 1;
				LastSwiftUpdateCheck = 1540;
				LastUpgradeCheck = 1540;
				TargetAttributes = {
					1B15FC0F2C6DF4FD00189259 = {
						CreatedOnToolsVersion = 15.4;
					};
					1B15FC1F2C6DF4FE00189259 = {
						CreatedOnToolsVersion = 15.4;
						TestTargetID = 1B15FC0F2C6DF4FD00189259;
					};
					1B15FC292C6DF4FE00189259 = {
						CreatedOnToolsVersion = 15.4;
						TestTargetID = 1B15FC0F2C6DF4FD00189259;
					};
				};
			};
			buildConfigurationList = 1B15FC0B2C6DF4FD00189259 /* Build configuration list for PBXProject "EventCountdown" */;
			compatibilityVersion = "Xcode 14.0";
			developmentRegion = en;
			hasScannedForEncodings = 0;
			knownRegions = (
				en,
				Base,
			);
			mainGroup = 1B15FC072C6DF4FD00189259;
			productRefGroup = 1B15FC112C6DF4FD00189259 /* Products */;
			projectDirPath = "";
			projectRoot = "";
			targets = (
				1B15FC0F2C6DF4FD00189259 /* EventCountdown */,
				1B15FC1F2C6DF4FE00189259 /* EventCountdownTests */,
				1B15FC292C6DF4FE00189259 /* EventCountdownUITests */,
			);
		};
/* End PBXProject section */

/* Begin PBXResourcesBuildPhase section */
		1B15FC0E2C6DF4FD00189259 /* Resources */ = {
			isa = PBXResourcesBuildPhase;
			buildActionMask = 2147483647;
			files = (
				1B15FC1B2C6DF4FE00189259 /* Preview Assets.xcassets in Resources */,
				1B15FC182C6DF4FE00189259 /* Assets.xcassets in Resources */,
			);
			runOnlyForDeploymentPostprocessing = 0;
		};
		1B15FC1E2C6DF4FE00189259 /* Resources */ = {
			isa = PBXResourcesBuildPhase;
			buildActionMask = 2147483647;
			files = (
			);
			runOnlyForDeploymentPostprocessing = 0;
		};
		1B15FC282C6DF4FE00189259 /* Resources */ = {
			isa = PBXResourcesBuildPhase;
			buildActionMask = 2147483647;
			files = (
			);
			runOnlyForDeploymentPostprocessing = 0;
		};
/* End PBXResourcesBuildPhase section */

/* Begin PBXSourcesBuildPhase section */
		1B15FC0C2C6DF4FD00189259 /* Sources */ = {
			isa = PBXSourcesBuildPhase;
			buildActionMask = 2147483647;
			files = (
				1B1BEC8E2C6F7A9100C83485 /* event.swift in Sources */,
				1B1BEC902C6F9C1700C83485 /* Cache.swift in Sources */,
				1B1BEC8B2C6F79A100C83485 /* eventEditorView.swift in Sources */,
				1B15FC162C6DF4FD00189259 /* ContentView.swift in Sources */,
				1B15FC142C6DF4FD00189259 /* EventCountdownApp.swift in Sources */,
			);
			runOnlyForDeploymentPostprocessing = 0;
		};
		1B15FC1C2C6DF4FE00189259 /* Sources */ = {
			isa = PBXSourcesBuildPhase;
			buildActionMask = 2147483647;
			files = (
				1B15FC252C6DF4FE00189259 /* EventCountdownTests.swift in Sources */,
			);
			runOnlyForDeploymentPostprocessing = 0;
		};
		1B15FC262C6DF4FE00189259 /* Sources */ = {
			isa = PBXSourcesBuildPhase;
			buildActionMask = 2147483647;
			files = (
				1B15FC2F2C6DF4FE00189259 /* EventCountdownUITests.swift in Sources */,
				1B15FC312C6DF4FE00189259 /* EventCountdownUITestsLaunchTests.swift in Sources */,
			);
			runOnlyForDeploymentPostprocessing = 0;
		};
/* End PBXSourcesBuildPhase section */

/* Begin PBXTargetDependency section */
		1B15FC222C6DF4FE00189259 /* PBXTargetDependency */ = {
			isa = PBXTargetDependency;
			target = 1B15FC0F2C6DF4FD00189259 /* EventCountdown */;
			targetProxy = 1B15FC212C6DF4FE00189259 /* PBXContainerItemProxy */;
		};
		1B15FC2C2C6DF4FE00189259 /* PBXTargetDependency */ = {
			isa = PBXTargetDependency;
			target = 1B15FC0F2C6DF4FD00189259 /* EventCountdown */;
			targetProxy = 1B15FC2B2C6DF4FE00189259 /* PBXContainerItemProxy */;
		};
/* End PBXTargetDependency section */

/* Begin XCBuildConfiguration section */
		1B15FC322C6DF4FE00189259 /* Debug */ = {
			isa = XCBuildConfiguration;
			buildSettings = {
				ALWAYS_SEARCH_USER_PATHS = NO;
				ASSETCATALOG_COMPILER_GENERATE_SWIFT_ASSET_SYMBOL_EXTENSIONS = YES;
				CLANG_ANALYZER_NONNULL = YES;
				CLANG_ANALYZER_NUMBER_OBJECT_CONVERSION = YES_AGGRESSIVE;
				CLANG_CXX_LANGUAGE_STANDARD = "gnu++20";
				CLANG_ENABLE_MODULES = YES;
				CLANG_ENABLE_OBJC_ARC = YES;
				CLANG_ENABLE_OBJC_WEAK = YES;
				CLANG_WARN_BLOCK_CAPTURE_AUTORELEASING = YES;
				CLANG_WARN_BOOL_CONVERSION = YES;
				CLANG_WARN_COMMA = YES;
				CLANG_WARN_CONSTANT_CONVERSION = YES;
				CLANG_WARN_DEPRECATED_OBJC_IMPLEMENTATIONS = YES;
				CLANG_WARN_DIRECT_OBJC_ISA_USAGE = YES_ERROR;
				CLANG_WARN_DOCUMENTATION_COMMENTS = YES;
				CLANG_WARN_EMPTY_BODY = YES;
				CLANG_WARN_ENUM_CONVERSION = YES;
				CLANG_WARN_INFINITE_RECURSION = YES;
				CLANG_WARN_INT_CONVERSION = YES;
				CLANG_WARN_NON_LITERAL_NULL_CONVERSION = YES;
				CLANG_WARN_OBJC_IMPLICIT_RETAIN_SELF = YES;
				CLANG_WARN_OBJC_LITERAL_CONVERSION = YES;
				CLANG_WARN_OBJC_ROOT_CLASS = YES_ERROR;
				CLANG_WARN_QUOTED_INCLUDE_IN_FRAMEWORK_HEADER = YES;
				CLANG_WARN_RANGE_LOOP_ANALYSIS = YES;
				CLANG_WARN_STRICT_PROTOTYPES = YES;
				CLANG_WARN_SUSPICIOUS_MOVE = YES;
				CLANG_WARN_UNGUARDED_AVAILABILITY = YES_AGGRESSIVE;
				CLANG_WARN_UNREACHABLE_CODE = YES;
				CLANG_WARN__DUPLICATE_METHOD_MATCH = YES;
				COPY_PHASE_STRIP = NO;
				DEBUG_INFORMATION_FORMAT = dwarf;
				ENABLE_STRICT_OBJC_MSGSEND = YES;
				ENABLE_TESTABILITY = YES;
				ENABLE_USER_SCRIPT_SANDBOXING = YES;
				GCC_C_LANGUAGE_STANDARD = gnu17;
				GCC_DYNAMIC_NO_PIC = NO;
				GCC_NO_COMMON_BLOCKS = YES;
				GCC_OPTIMIZATION_LEVEL = 0;
				GCC_PREPROCESSOR_DEFINITIONS = (
					"DEBUG=1",
					"$(inherited)",
				);
				GCC_WARN_64_TO_32_BIT_CONVERSION = YES;
				GCC_WARN_ABOUT_RETURN_TYPE = YES_ERROR;
				GCC_WARN_UNDECLARED_SELECTOR = YES;
				GCC_WARN_UNINITIALIZED_AUTOS = YES_AGGRESSIVE;
				GCC_WARN_UNUSED_FUNCTION = YES;
				GCC_WARN_UNUSED_VARIABLE = YES;
				IPHONEOS_DEPLOYMENT_TARGET = 17.5;
				LOCALIZATION_PREFERS_STRING_CATALOGS = YES;
				MTL_ENABLE_DEBUG_INFO = INCLUDE_SOURCE;
				MTL_FAST_MATH = YES;
				ONLY_ACTIVE_ARCH = YES;
				SDKROOT = iphoneos;
				SWIFT_ACTIVE_COMPILATION_CONDITIONS = "DEBUG $(inherited)";
				SWIFT_OPTIMIZATION_LEVEL = "-Onone";
			};
			name = Debug;
		};
		1B15FC332C6DF4FE00189259 /* Release */ = {
			isa = XCBuildConfiguration;
			buildSettings = {
				ALWAYS_SEARCH_USER_PATHS = NO;
				ASSETCATALOG_COMPILER_GENERATE_SWIFT_ASSET_SYMBOL_EXTENSIONS = YES;
				CLANG_ANALYZER_NONNULL = YES;
				CLANG_ANALYZER_NUMBER_OBJECT_CONVERSION = YES_AGGRESSIVE;
				CLANG_CXX_LANGUAGE_STANDARD = "gnu++20";
				CLANG_ENABLE_MODULES = YES;
				CLANG_ENABLE_OBJC_ARC = YES;
				CLANG_ENABLE_OBJC_WEAK = YES;
				CLANG_WARN_BLOCK_CAPTURE_AUTORELEASING = YES;
				CLANG_WARN_BOOL_CONVERSION = YES;
				CLANG_WARN_COMMA = YES;
				CLANG_WARN_CONSTANT_CONVERSION = YES;
				CLANG_WARN_DEPRECATED_OBJC_IMPLEMENTATIONS = YES;
				CLANG_WARN_DIRECT_OBJC_ISA_USAGE = YES_ERROR;
				CLANG_WARN_DOCUMENTATION_COMMENTS = YES;
				CLANG_WARN_EMPTY_BODY = YES;
				CLANG_WARN_ENUM_CONVERSION = YES;
				CLANG_WARN_INFINITE_RECURSION = YES;
				CLANG_WARN_INT_CONVERSION = YES;
				CLANG_WARN_NON_LITERAL_NULL_CONVERSION = YES;
				CLANG_WARN_OBJC_IMPLICIT_RETAIN_SELF = YES;
				CLANG_WARN_OBJC_LITERAL_CONVERSION = YES;
				CLANG_WARN_OBJC_ROOT_CLASS = YES_ERROR;
				CLANG_WARN_QUOTED_INCLUDE_IN_FRAMEWORK_HEADER = YES;
				CLANG_WARN_RANGE_LOOP_ANALYSIS = YES;
				CLANG_WARN_STRICT_PROTOTYPES = YES;
				CLANG_WARN_SUSPICIOUS_MOVE = YES;
				CLANG_WARN_UNGUARDED_AVAILABILITY = YES_AGGRESSIVE;
				CLANG_WARN_UNREACHABLE_CODE = YES;
				CLANG_WARN__DUPLICATE_METHOD_MATCH = YES;
				COPY_PHASE_STRIP = NO;
				DEBUG_INFORMATION_FORMAT = "dwarf-with-dsym";
				ENABLE_NS_ASSERTIONS = NO;
				ENABLE_STRICT_OBJC_MSGSEND = YES;
				ENABLE_USER_SCRIPT_SANDBOXING = YES;
				GCC_C_LANGUAGE_STANDARD = gnu17;
				GCC_NO_COMMON_BLOCKS = YES;
				GCC_WARN_64_TO_32_BIT_CONVERSION = YES;
				GCC_WARN_ABOUT_RETURN_TYPE = YES_ERROR;
				GCC_WARN_UNDECLARED_SELECTOR = YES;
				GCC_WARN_UNINITIALIZED_AUTOS = YES_AGGRESSIVE;
				GCC_WARN_UNUSED_FUNCTION = YES;
				GCC_WARN_UNUSED_VARIABLE = YES;
				IPHONEOS_DEPLOYMENT_TARGET = 17.5;
				LOCALIZATION_PREFERS_STRING_CATALOGS = YES;
				MTL_ENABLE_DEBUG_INFO = NO;
				MTL_FAST_MATH = YES;
				SDKROOT = iphoneos;
				SWIFT_COMPILATION_MODE = wholemodule;
				VALIDATE_PRODUCT = YES;
			};
			name = Release;
		};
		1B15FC352C6DF4FE00189259 /* Debug */ = {
			isa = XCBuildConfiguration;
			buildSettings = {
				ASSETCATALOG_COMPILER_APPICON_NAME = AppIcon;
				ASSETCATALOG_COMPILER_GLOBAL_ACCENT_COLOR_NAME = AccentColor;
				CODE_SIGN_STYLE = Automatic;
				CURRENT_PROJECT_VERSION = 1;
				DEVELOPMENT_ASSET_PATHS = "\"EventCountdown/Preview Content\"";
				DEVELOPMENT_TEAM = FV3NN2YAV3;
				ENABLE_PREVIEWS = YES;
				GENERATE_INFOPLIST_FILE = YES;
				INFOPLIST_KEY_UIApplicationSceneManifest_Generation = YES;
				INFOPLIST_KEY_UIApplicationSupportsIndirectInputEvents = YES;
				INFOPLIST_KEY_UILaunchScreen_Generation = YES;
				INFOPLIST_KEY_UISupportedInterfaceOrientations_iPad = "UIInterfaceOrientationPortrait UIInterfaceOrientationPortraitUpsideDown UIInterfaceOrientationLandscapeLeft UIInterfaceOrientationLandscapeRight";
				INFOPLIST_KEY_UISupportedInterfaceOrientations_iPhone = "UIInterfaceOrientationPortrait UIInterfaceOrientationLandscapeLeft UIInterfaceOrientationLandscapeRight";
				LD_RUNPATH_SEARCH_PATHS = (
					"$(inherited)",
					"@executable_path/Frameworks",
				);
				MARKETING_VERSION = 1.0;
				PRODUCT_BUNDLE_IDENTIFIER = com.meng.EventCountdown;
				PRODUCT_NAME = "$(TARGET_NAME)";
				SWIFT_EMIT_LOC_STRINGS = YES;
				SWIFT_VERSION = 5.0;
				TARGETED_DEVICE_FAMILY = "1,2";
			};
			name = Debug;
		};
		1B15FC362C6DF4FE00189259 /* Release */ = {
			isa = XCBuildConfiguration;
			buildSettings = {
				ASSETCATALOG_COMPILER_APPICON_NAME = AppIcon;
				ASSETCATALOG_COMPILER_GLOBAL_ACCENT_COLOR_NAME = AccentColor;
				CODE_SIGN_STYLE = Automatic;
				CURRENT_PROJECT_VERSION = 1;
				DEVELOPMENT_ASSET_PATHS = "\"EventCountdown/Preview Content\"";
				DEVELOPMENT_TEAM = FV3NN2YAV3;
				ENABLE_PREVIEWS = YES;
				GENERATE_INFOPLIST_FILE = YES;
				INFOPLIST_KEY_UIApplicationSceneManifest_Generation = YES;
				INFOPLIST_KEY_UIApplicationSupportsIndirectInputEvents = YES;
				INFOPLIST_KEY_UILaunchScreen_Generation = YES;
				INFOPLIST_KEY_UISupportedInterfaceOrientations_iPad = "UIInterfaceOrientationPortrait UIInterfaceOrientationPortraitUpsideDown UIInterfaceOrientationLandscapeLeft UIInterfaceOrientationLandscapeRight";
				INFOPLIST_KEY_UISupportedInterfaceOrientations_iPhone = "UIInterfaceOrientationPortrait UIInterfaceOrientationLandscapeLeft UIInterfaceOrientationLandscapeRight";
				LD_RUNPATH_SEARCH_PATHS = (
					"$(inherited)",
					"@executable_path/Frameworks",
				);
				MARKETING_VERSION = 1.0;
				PRODUCT_BUNDLE_IDENTIFIER = com.meng.EventCountdown;
				PRODUCT_NAME = "$(TARGET_NAME)";
				SWIFT_EMIT_LOC_STRINGS = YES;
				SWIFT_VERSION = 5.0;
				TARGETED_DEVICE_FAMILY = "1,2";
			};
			name = Release;
		};
		1B15FC382C6DF4FE00189259 /* Debug */ = {
			isa = XCBuildConfiguration;
			buildSettings = {
				ALWAYS_EMBED_SWIFT_STANDARD_LIBRARIES = YES;
				BUNDLE_LOADER = "$(TEST_HOST)";
				CODE_SIGN_STYLE = Automatic;
				CURRENT_PROJECT_VERSION = 1;
				DEVELOPMENT_TEAM = FV3NN2YAV3;
				GENERATE_INFOPLIST_FILE = YES;
				IPHONEOS_DEPLOYMENT_TARGET = 17.5;
				MARKETING_VERSION = 1.0;
				PRODUCT_BUNDLE_IDENTIFIER = com.meng.EventCountdownTests;
				PRODUCT_NAME = "$(TARGET_NAME)";
				SWIFT_EMIT_LOC_STRINGS = NO;
				SWIFT_VERSION = 5.0;
				TARGETED_DEVICE_FAMILY = "1,2";
				TEST_HOST = "$(BUILT_PRODUCTS_DIR)/EventCountdown.app/$(BUNDLE_EXECUTABLE_FOLDER_PATH)/EventCountdown";
			};
			name = Debug;
		};
		1B15FC392C6DF4FE00189259 /* Release */ = {
			isa = XCBuildConfiguration;
			buildSettings = {
				ALWAYS_EMBED_SWIFT_STANDARD_LIBRARIES = YES;
				BUNDLE_LOADER = "$(TEST_HOST)";
				CODE_SIGN_STYLE = Automatic;
				CURRENT_PROJECT_VERSION = 1;
				DEVELOPMENT_TEAM = FV3NN2YAV3;
				GENERATE_INFOPLIST_FILE = YES;
				IPHONEOS_DEPLOYMENT_TARGET = 17.5;
				MARKETING_VERSION = 1.0;
				PRODUCT_BUNDLE_IDENTIFIER = com.meng.EventCountdownTests;
				PRODUCT_NAME = "$(TARGET_NAME)";
				SWIFT_EMIT_LOC_STRINGS = NO;
				SWIFT_VERSION = 5.0;
				TARGETED_DEVICE_FAMILY = "1,2";
				TEST_HOST = "$(BUILT_PRODUCTS_DIR)/EventCountdown.app/$(BUNDLE_EXECUTABLE_FOLDER_PATH)/EventCountdown";
			};
			name = Release;
		};
		1B15FC3B2C6DF4FE00189259 /* Debug */ = {
			isa = XCBuildConfiguration;
			buildSettings = {
				ALWAYS_EMBED_SWIFT_STANDARD_LIBRARIES = YES;
				CODE_SIGN_STYLE = Automatic;
				CURRENT_PROJECT_VERSION = 1;
				DEVELOPMENT_TEAM = FV3NN2YAV3;
				GENERATE_INFOPLIST_FILE = YES;
				MARKETING_VERSION = 1.0;
				PRODUCT_BUNDLE_IDENTIFIER = com.meng.EventCountdownUITests;
				PRODUCT_NAME = "$(TARGET_NAME)";
				SWIFT_EMIT_LOC_STRINGS = NO;
				SWIFT_VERSION = 5.0;
				TARGETED_DEVICE_FAMILY = "1,2";
				TEST_TARGET_NAME = EventCountdown;
			};
			name = Debug;
		};
		1B15FC3C2C6DF4FE00189259 /* Release */ = {
			isa = XCBuildConfiguration;
			buildSettings = {
				ALWAYS_EMBED_SWIFT_STANDARD_LIBRARIES = YES;
				CODE_SIGN_STYLE = Automatic;
				CURRENT_PROJECT_VERSION = 1;
				DEVELOPMENT_TEAM = FV3NN2YAV3;
				GENERATE_INFOPLIST_FILE = YES;
				MARKETING_VERSION = 1.0;
				PRODUCT_BUNDLE_IDENTIFIER = com.meng.EventCountdownUITests;
				PRODUCT_NAME = "$(TARGET_NAME)";
				SWIFT_EMIT_LOC_STRINGS = NO;
				SWIFT_VERSION = 5.0;
				TARGETED_DEVICE_FAMILY = "1,2";
				TEST_TARGET_NAME = EventCountdown;
			};
			name = Release;
		};
/* End XCBuildConfiguration section */

/* Begin XCConfigurationList section */
		1B15FC0B2C6DF4FD00189259 /* Build configuration list for PBXProject "EventCountdown" */ = {
			isa = XCConfigurationList;
			buildConfigurations = (
				1B15FC322C6DF4FE00189259 /* Debug */,
				1B15FC332C6DF4FE00189259 /* Release */,
			);
			defaultConfigurationIsVisible = 0;
			defaultConfigurationName = Release;
		};
		1B15FC342C6DF4FE00189259 /* Build configuration list for PBXNativeTarget "EventCountdown" */ = {
			isa = XCConfigurationList;
			buildConfigurations = (
				1B15FC352C6DF4FE00189259 /* Debug */,
				1B15FC362C6DF4FE00189259 /* Release */,
			);
			defaultConfigurationIsVisible = 0;
			defaultConfigurationName = Release;
		};
		1B15FC372C6DF4FE00189259 /* Build configuration list for PBXNativeTarget "EventCountdownTests" */ = {
			isa = XCConfigurationList;
			buildConfigurations = (
				1B15FC382C6DF4FE00189259 /* Debug */,
				1B15FC392C6DF4FE00189259 /* Release */,
			);
			defaultConfigurationIsVisible = 0;
			defaultConfigurationName = Release;
		};
		1B15FC3A2C6DF4FE00189259 /* Build configuration list for PBXNativeTarget "EventCountdownUITests" */ = {
			isa = XCConfigurationList;
			buildConfigurations = (
				1B15FC3B2C6DF4FE00189259 /* Debug */,
				1B15FC3C2C6DF4FE00189259 /* Release */,
			);
			defaultConfigurationIsVisible = 0;
			defaultConfigurationName = Release;
		};
/* End XCConfigurationList section */
	};
	rootObject = 1B15FC082C6DF4FD00189259 /* Project object */;
}
